
Microsoft Visual Studio Solution File, Format Version 12.00
# Visual Studio Version 17
VisualStudioVersion = 17.3.32922.545
MinimumVisualStudioVersion = 10.0.40219.1
Project("{9A19103F-16F7-4668-BE54-9A1E7A4F7556}") = "SportData", "Softball\SportData.csproj", "{1439E5B7-3C07-46FD-9313-B10C53C79A1A}"
EndProject
Project("{9A19103F-16F7-4668-BE54-9A1E7A4F7556}") = "SportWebApp", "SportWebApp\SportWebApp.csproj", "{95D3CDA1-87C2-49B4-83A5-04A13F4DB641}"
EndProject
Project("{9A19103F-16F7-4668-BE54-9A1E7A4F7556}") = "MVC", "MVC\MVC.csproj", "{FEF58952-24A1-422B-9556-0EA34BEE5947}"
EndProject
Project("{FAE04EC0-301F-11D3-BF4B-00C04F79EFBC}") = "MinimalApi", "MinimalApi\MinimalApi.csproj", "{3B46CA89-DF24-4859-B7EF-15966834AEBF}"
EndProject
Global
	GlobalSection(SolutionConfigurationPlatforms) = preSolution
		Debug|Any CPU = Debug|Any CPU
		Release|Any CPU = Release|Any CPU
	EndGlobalSection
	GlobalSection(ProjectConfigurationPlatforms) = postSolution
		{1439E5B7-3C07-46FD-9313-B10C53C79A1A}.Debug|Any CPU.ActiveCfg = Debug|Any CPU
		{1439E5B7-3C07-46FD-9313-B10C53C79A1A}.Debug|Any CPU.Build.0 = Debug|Any CPU
		{1439E5B7-3C07-46FD-9313-B10C53C79A1A}.Release|Any CPU.ActiveCfg = Release|Any CPU
		{1439E5B7-3C07-46FD-9313-B10C53C79A1A}.Release|Any CPU.Build.0 = Release|Any CPU
		{95D3CDA1-87C2-49B4-83A5-04A13F4DB641}.Debug|Any CPU.ActiveCfg = Debug|Any CPU
		{95D3CDA1-87C2-49B4-83A5-04A13F4DB641}.Debug|Any CPU.Build.0 = Debug|Any CPU
		{95D3CDA1-87C2-49B4-83A5-04A13F4DB641}.Release|Any CPU.ActiveCfg = Release|Any CPU
		{95D3CDA1-87C2-49B4-83A5-04A13F4DB641}.Release|Any CPU.Build.0 = Release|Any CPU
		{FEF58952-24A1-422B-9556-0EA34BEE5947}.Debug|Any CPU.ActiveCfg = Debug|Any CPU
		{FEF58952-24A1-422B-9556-0EA34BEE5947}.Debug|Any CPU.Build.0 = Debug|Any CPU
		{FEF58952-24A1-422B-9556-0EA34BEE5947}.Release|Any CPU.ActiveCfg = Release|Any CPU
		{FEF58952-24A1-422B-9556-0EA34BEE5947}.Release|Any CPU.Build.0 = Release|Any CPU
		{3B46CA89-DF24-4859-B7EF-15966834AEBF}.Debug|Any CPU.ActiveCfg = Debug|Any CPU
		{3B46CA89-DF24-4859-B7EF-15966834AEBF}.Debug|Any CPU.Build.0 = Debug|Any CPU
		{3B46CA89-DF24-4859-B7EF-15966834AEBF}.Release|Any CPU.ActiveCfg = Release|Any CPU
		{3B46CA89-DF24-4859-B7EF-15966834AEBF}.Release|Any CPU.Build.0 = Release|Any CPU
	EndGlobalSection
	GlobalSection(SolutionProperties) = preSolution
		HideSolutionNode = FALSE
	EndGlobalSection
	GlobalSection(ExtensibilityGlobals) = postSolution
		SolutionGuid = {19AE9F1E-E315-43D9-B6D2-2BDAFF7E37E3}
	EndGlobalSection
EndGlobal
